
Microsoft Visual Studio Solution File, Format Version 12.00
# Visual Studio Version 16
VisualStudioVersion = 16.0.28729.10
MinimumVisualStudioVersion = 10.0.40219.1
Project("{FAE04EC0-301F-11D3-BF4B-00C04F79EFBC}") = "ConsoleApp3", "ConsoleApp3\ConsoleApp3.csproj", "{A5950E74-61BC-4977-8489-C21B1D639A2D}"
EndProject
Global
	GlobalSection(SolutionConfigurationPlatforms) = preSolution
		Debug|Any CPU = Debug|Any CPU
		Release|Any CPU = Release|Any CPU
	EndGlobalSection
	GlobalSection(ProjectConfigurationPlatforms) = postSolution
		{A5950E74-61BC-4977-8489-C21B1D639A2D}.Debug|Any CPU.ActiveCfg = Debug|Any CPU
		{A5950E74-61BC-4977-8489-C21B1D639A2D}.Debug|Any CPU.Build.0 = Debug|Any CPU
		{A5950E74-61BC-4977-8489-C21B1D639A2D}.Release|Any CPU.ActiveCfg = Release|Any CPU
		{A5950E74-61BC-4977-8489-C21B1D639A2D}.Release|Any CPU.Build.0 = Release|Any CPU
	EndGlobalSection
	GlobalSection(SolutionProperties) = preSolution
		HideSolutionNode = FALSE
	EndGlobalSection
	GlobalSection(ExtensibilityGlobals) = postSolution
		SolutionGuid = {EECBCD32-596E-460E-9DF4-D8F8ACCF184F}
	EndGlobalSection
EndGlobal
