
Microsoft Visual Studio Solution File, Format Version 12.00
# Visual Studio 15
VisualStudioVersion = 15.0.27004.2009
MinimumVisualStudioVersion = 10.0.40219.1
Project("{FAE04EC0-301F-11D3-BF4B-00C04F79EFBC}") = "ClassLibrary3", "ClassLibrary3\ClassLibrary3.csproj", "{8BB34868-C87E-4B1D-9D9B-82D9B8AB6299}"
EndProject
Global
	GlobalSection(SolutionConfigurationPlatforms) = preSolution
		Debug|Any CPU = Debug|Any CPU
		Release|Any CPU = Release|Any CPU
	EndGlobalSection
	GlobalSection(ProjectConfigurationPlatforms) = postSolution
		{8BB34868-C87E-4B1D-9D9B-82D9B8AB6299}.Debug|Any CPU.ActiveCfg = Debug|Any CPU
		{8BB34868-C87E-4B1D-9D9B-82D9B8AB6299}.Debug|Any CPU.Build.0 = Debug|Any CPU
		{8BB34868-C87E-4B1D-9D9B-82D9B8AB6299}.Release|Any CPU.ActiveCfg = Release|Any CPU
		{8BB34868-C87E-4B1D-9D9B-82D9B8AB6299}.Release|Any CPU.Build.0 = Release|Any CPU
	EndGlobalSection
	GlobalSection(SolutionProperties) = preSolution
		HideSolutionNode = FALSE
	EndGlobalSection
	GlobalSection(ExtensibilityGlobals) = postSolution
		SolutionGuid = {2ABAD317-FE0C-4DE9-A4A4-A015DEB44388}
	EndGlobalSection
EndGlobal
