
Microsoft Visual Studio Solution File, Format Version 12.00
# Visual Studio 15
VisualStudioVersion = 15.0.27130.2010
MinimumVisualStudioVersion = 10.0.40219.1
Project("{FAE04EC0-301F-11D3-BF4B-00C04F79EFBC}") = "App5.Android", "App5\App5.Android\App5.Android.csproj", "{83324A46-C624-45B0-8CFC-863B7AEA7590}"
EndProject
Project("{FAE04EC0-301F-11D3-BF4B-00C04F79EFBC}") = "App5.iOS", "App5\App5.iOS\App5.iOS.csproj", "{2F6FD8D1-1E60-46B0-A364-FC4B77E836A6}"
EndProject
Project("{FAE04EC0-301F-11D3-BF4B-00C04F79EFBC}") = "App5.UWP", "App5\App5.UWP\App5.UWP.csproj", "{AA99E557-2654-4706-A756-C56F54B5F437}"
EndProject
Project("{FAE04EC0-301F-11D3-BF4B-00C04F79EFBC}") = "App5", "App5\App5\App5.csproj", "{A625A2AA-3056-410D-B7E0-0DB71269247B}"
EndProject
Global
	GlobalSection(SolutionConfigurationPlatforms) = preSolution
		Ad-Hoc|Any CPU = Ad-Hoc|Any CPU
		Ad-Hoc|ARM = Ad-Hoc|ARM
		Ad-Hoc|iPhone = Ad-Hoc|iPhone
		Ad-Hoc|iPhoneSimulator = Ad-Hoc|iPhoneSimulator
		Ad-Hoc|x64 = Ad-Hoc|x64
		Ad-Hoc|x86 = Ad-Hoc|x86
		AppStore|Any CPU = AppStore|Any CPU
		AppStore|ARM = AppStore|ARM
		AppStore|iPhone = AppStore|iPhone
		AppStore|iPhoneSimulator = AppStore|iPhoneSimulator
		AppStore|x64 = AppStore|x64
		AppStore|x86 = AppStore|x86
		Debug|Any CPU = Debug|Any CPU
		Debug|ARM = Debug|ARM
		Debug|iPhone = Debug|iPhone
		Debug|iPhoneSimulator = Debug|iPhoneSimulator
		Debug|x64 = Debug|x64
		Debug|x86 = Debug|x86
		Release|Any CPU = Release|Any CPU
		Release|ARM = Release|ARM
		Release|iPhone = Release|iPhone
		Release|iPhoneSimulator = Release|iPhoneSimulator
		Release|x64 = Release|x64
		Release|x86 = Release|x86
	EndGlobalSection
	GlobalSection(ProjectConfigurationPlatforms) = postSolution
		{83324A46-C624-45B0-8CFC-863B7AEA7590}.Ad-Hoc|Any CPU.ActiveCfg = Release|Any CPU
		{83324A46-C624-45B0-8CFC-863B7AEA7590}.Ad-Hoc|Any CPU.Build.0 = Release|Any CPU
		{83324A46-C624-45B0-8CFC-863B7AEA7590}.Ad-Hoc|Any CPU.Deploy.0 = Release|Any CPU
		{83324A46-C624-45B0-8CFC-863B7AEA7590}.Ad-Hoc|ARM.ActiveCfg = Release|Any CPU
		{83324A46-C624-45B0-8CFC-863B7AEA7590}.Ad-Hoc|ARM.Build.0 = Release|Any CPU
		{83324A46-C624-45B0-8CFC-863B7AEA7590}.Ad-Hoc|ARM.Deploy.0 = Release|Any CPU
		{83324A46-C624-45B0-8CFC-863B7AEA7590}.Ad-Hoc|iPhone.ActiveCfg = Release|Any CPU
		{83324A46-C624-45B0-8CFC-863B7AEA7590}.Ad-Hoc|iPhone.Build.0 = Release|Any CPU
		{83324A46-C624-45B0-8CFC-863B7AEA7590}.Ad-Hoc|iPhone.Deploy.0 = Release|Any CPU
		{83324A46-C624-45B0-8CFC-863B7AEA7590}.Ad-Hoc|iPhoneSimulator.ActiveCfg = Release|Any CPU
		{83324A46-C624-45B0-8CFC-863B7AEA7590}.Ad-Hoc|iPhoneSimulator.Build.0 = Release|Any CPU
		{83324A46-C624-45B0-8CFC-863B7AEA7590}.Ad-Hoc|iPhoneSimulator.Deploy.0 = Release|Any CPU
		{83324A46-C624-45B0-8CFC-863B7AEA7590}.Ad-Hoc|x64.ActiveCfg = Release|Any CPU
		{83324A46-C624-45B0-8CFC-863B7AEA7590}.Ad-Hoc|x64.Build.0 = Release|Any CPU
		{83324A46-C624-45B0-8CFC-863B7AEA7590}.Ad-Hoc|x64.Deploy.0 = Release|Any CPU
		{83324A46-C624-45B0-8CFC-863B7AEA7590}.Ad-Hoc|x86.ActiveCfg = Release|Any CPU
		{83324A46-C624-45B0-8CFC-863B7AEA7590}.Ad-Hoc|x86.Build.0 = Release|Any CPU
		{83324A46-C624-45B0-8CFC-863B7AEA7590}.Ad-Hoc|x86.Deploy.0 = Release|Any CPU
		{83324A46-C624-45B0-8CFC-863B7AEA7590}.AppStore|Any CPU.ActiveCfg = Release|Any CPU
		{83324A46-C624-45B0-8CFC-863B7AEA7590}.AppStore|Any CPU.Build.0 = Release|Any CPU
		{83324A46-C624-45B0-8CFC-863B7AEA7590}.AppStore|Any CPU.Deploy.0 = Release|Any CPU
		{83324A46-C624-45B0-8CFC-863B7AEA7590}.AppStore|ARM.ActiveCfg = Release|Any CPU
		{83324A46-C624-45B0-8CFC-863B7AEA7590}.AppStore|ARM.Build.0 = Release|Any CPU
		{83324A46-C624-45B0-8CFC-863B7AEA7590}.AppStore|ARM.Deploy.0 = Release|Any CPU
		{83324A46-C624-45B0-8CFC-863B7AEA7590}.AppStore|iPhone.ActiveCfg = Release|Any CPU
		{83324A46-C624-45B0-8CFC-863B7AEA7590}.AppStore|iPhone.Build.0 = Release|Any CPU
		{83324A46-C624-45B0-8CFC-863B7AEA7590}.AppStore|iPhone.Deploy.0 = Release|Any CPU
		{83324A46-C624-45B0-8CFC-863B7AEA7590}.AppStore|iPhoneSimulator.ActiveCfg = Release|Any CPU
		{83324A46-C624-45B0-8CFC-863B7AEA7590}.AppStore|iPhoneSimulator.Build.0 = Release|Any CPU
		{83324A46-C624-45B0-8CFC-863B7AEA7590}.AppStore|iPhoneSimulator.Deploy.0 = Release|Any CPU
		{83324A46-C624-45B0-8CFC-863B7AEA7590}.AppStore|x64.ActiveCfg = Release|Any CPU
		{83324A46-C624-45B0-8CFC-863B7AEA7590}.AppStore|x64.Build.0 = Release|Any CPU
		{83324A46-C624-45B0-8CFC-863B7AEA7590}.AppStore|x64.Deploy.0 = Release|Any CPU
		{83324A46-C624-45B0-8CFC-863B7AEA7590}.AppStore|x86.ActiveCfg = Release|Any CPU
		{83324A46-C624-45B0-8CFC-863B7AEA7590}.AppStore|x86.Build.0 = Release|Any CPU
		{83324A46-C624-45B0-8CFC-863B7AEA7590}.AppStore|x86.Deploy.0 = Release|Any CPU
		{83324A46-C624-45B0-8CFC-863B7AEA7590}.Debug|Any CPU.ActiveCfg = Debug|Any CPU
		{83324A46-C624-45B0-8CFC-863B7AEA7590}.Debug|Any CPU.Build.0 = Debug|Any CPU
		{83324A46-C624-45B0-8CFC-863B7AEA7590}.Debug|Any CPU.Deploy.0 = Debug|Any CPU
		{83324A46-C624-45B0-8CFC-863B7AEA7590}.Debug|ARM.ActiveCfg = Debug|Any CPU
		{83324A46-C624-45B0-8CFC-863B7AEA7590}.Debug|ARM.Build.0 = Debug|Any CPU
		{83324A46-C624-45B0-8CFC-863B7AEA7590}.Debug|ARM.Deploy.0 = Debug|Any CPU
		{83324A46-C624-45B0-8CFC-863B7AEA7590}.Debug|iPhone.ActiveCfg = Debug|Any CPU
		{83324A46-C624-45B0-8CFC-863B7AEA7590}.Debug|iPhone.Build.0 = Debug|Any CPU
		{83324A46-C624-45B0-8CFC-863B7AEA7590}.Debug|iPhone.Deploy.0 = Debug|Any CPU
		{83324A46-C624-45B0-8CFC-863B7AEA7590}.Debug|iPhoneSimulator.ActiveCfg = Debug|Any CPU
		{83324A46-C624-45B0-8CFC-863B7AEA7590}.Debug|iPhoneSimulator.Build.0 = Debug|Any CPU
		{83324A46-C624-45B0-8CFC-863B7AEA7590}.Debug|iPhoneSimulator.Deploy.0 = Debug|Any CPU
		{83324A46-C624-45B0-8CFC-863B7AEA7590}.Debug|x64.ActiveCfg = Debug|Any CPU
		{83324A46-C624-45B0-8CFC-863B7AEA7590}.Debug|x64.Build.0 = Debug|Any CPU
		{83324A46-C624-45B0-8CFC-863B7AEA7590}.Debug|x64.Deploy.0 = Debug|Any CPU
		{83324A46-C624-45B0-8CFC-863B7AEA7590}.Debug|x86.ActiveCfg = Debug|Any CPU
		{83324A46-C624-45B0-8CFC-863B7AEA7590}.Debug|x86.Build.0 = Debug|Any CPU
		{83324A46-C624-45B0-8CFC-863B7AEA7590}.Debug|x86.Deploy.0 = Debug|Any CPU
		{83324A46-C624-45B0-8CFC-863B7AEA7590}.Release|Any CPU.ActiveCfg = Release|Any CPU
		{83324A46-C624-45B0-8CFC-863B7AEA7590}.Release|Any CPU.Build.0 = Release|Any CPU
		{83324A46-C624-45B0-8CFC-863B7AEA7590}.Release|Any CPU.Deploy.0 = Release|Any CPU
		{83324A46-C624-45B0-8CFC-863B7AEA7590}.Release|ARM.ActiveCfg = Release|Any CPU
		{83324A46-C624-45B0-8CFC-863B7AEA7590}.Release|ARM.Build.0 = Release|Any CPU
		{83324A46-C624-45B0-8CFC-863B7AEA7590}.Release|ARM.Deploy.0 = Release|Any CPU
		{83324A46-C624-45B0-8CFC-863B7AEA7590}.Release|iPhone.ActiveCfg = Release|Any CPU
		{83324A46-C624-45B0-8CFC-863B7AEA7590}.Release|iPhone.Build.0 = Release|Any CPU
		{83324A46-C624-45B0-8CFC-863B7AEA7590}.Release|iPhone.Deploy.0 = Release|Any CPU
		{83324A46-C624-45B0-8CFC-863B7AEA7590}.Release|iPhoneSimulator.ActiveCfg = Release|Any CPU
		{83324A46-C624-45B0-8CFC-863B7AEA7590}.Release|iPhoneSimulator.Build.0 = Release|Any CPU
		{83324A46-C624-45B0-8CFC-863B7AEA7590}.Release|iPhoneSimulator.Deploy.0 = Release|Any CPU
		{83324A46-C624-45B0-8CFC-863B7AEA7590}.Release|x64.ActiveCfg = Release|Any CPU
		{83324A46-C624-45B0-8CFC-863B7AEA7590}.Release|x64.Build.0 = Release|Any CPU
		{83324A46-C624-45B0-8CFC-863B7AEA7590}.Release|x64.Deploy.0 = Release|Any CPU
		{83324A46-C624-45B0-8CFC-863B7AEA7590}.Release|x86.ActiveCfg = Release|Any CPU
		{83324A46-C624-45B0-8CFC-863B7AEA7590}.Release|x86.Build.0 = Release|Any CPU
		{83324A46-C624-45B0-8CFC-863B7AEA7590}.Release|x86.Deploy.0 = Release|Any CPU
		{2F6FD8D1-1E60-46B0-A364-FC4B77E836A6}.Ad-Hoc|Any CPU.ActiveCfg = Ad-Hoc|iPhone
		{2F6FD8D1-1E60-46B0-A364-FC4B77E836A6}.Ad-Hoc|ARM.ActiveCfg = Ad-Hoc|iPhone
		{2F6FD8D1-1E60-46B0-A364-FC4B77E836A6}.Ad-Hoc|iPhone.ActiveCfg = Ad-Hoc|iPhone
		{2F6FD8D1-1E60-46B0-A364-FC4B77E836A6}.Ad-Hoc|iPhone.Build.0 = Ad-Hoc|iPhone
		{2F6FD8D1-1E60-46B0-A364-FC4B77E836A6}.Ad-Hoc|iPhoneSimulator.ActiveCfg = Ad-Hoc|iPhoneSimulator
		{2F6FD8D1-1E60-46B0-A364-FC4B77E836A6}.Ad-Hoc|iPhoneSimulator.Build.0 = Ad-Hoc|iPhoneSimulator
		{2F6FD8D1-1E60-46B0-A364-FC4B77E836A6}.Ad-Hoc|x64.ActiveCfg = Ad-Hoc|iPhone
		{2F6FD8D1-1E60-46B0-A364-FC4B77E836A6}.Ad-Hoc|x86.ActiveCfg = Ad-Hoc|iPhone
		{2F6FD8D1-1E60-46B0-A364-FC4B77E836A6}.AppStore|Any CPU.ActiveCfg = AppStore|iPhone
		{2F6FD8D1-1E60-46B0-A364-FC4B77E836A6}.AppStore|ARM.ActiveCfg = AppStore|iPhone
		{2F6FD8D1-1E60-46B0-A364-FC4B77E836A6}.AppStore|iPhone.ActiveCfg = AppStore|iPhone
		{2F6FD8D1-1E60-46B0-A364-FC4B77E836A6}.AppStore|iPhone.Build.0 = AppStore|iPhone
		{2F6FD8D1-1E60-46B0-A364-FC4B77E836A6}.AppStore|iPhoneSimulator.ActiveCfg = AppStore|iPhoneSimulator
		{2F6FD8D1-1E60-46B0-A364-FC4B77E836A6}.AppStore|iPhoneSimulator.Build.0 = AppStore|iPhoneSimulator
		{2F6FD8D1-1E60-46B0-A364-FC4B77E836A6}.AppStore|x64.ActiveCfg = AppStore|iPhone
		{2F6FD8D1-1E60-46B0-A364-FC4B77E836A6}.AppStore|x86.ActiveCfg = AppStore|iPhone
		{2F6FD8D1-1E60-46B0-A364-FC4B77E836A6}.Debug|Any CPU.ActiveCfg = Debug|iPhone
		{2F6FD8D1-1E60-46B0-A364-FC4B77E836A6}.Debug|ARM.ActiveCfg = Debug|iPhone
		{2F6FD8D1-1E60-46B0-A364-FC4B77E836A6}.Debug|iPhone.ActiveCfg = Debug|iPhone
		{2F6FD8D1-1E60-46B0-A364-FC4B77E836A6}.Debug|iPhone.Build.0 = Debug|iPhone
		{2F6FD8D1-1E60-46B0-A364-FC4B77E836A6}.Debug|iPhoneSimulator.ActiveCfg = Debug|iPhoneSimulator
		{2F6FD8D1-1E60-46B0-A364-FC4B77E836A6}.Debug|iPhoneSimulator.Build.0 = Debug|iPhoneSimulator
		{2F6FD8D1-1E60-46B0-A364-FC4B77E836A6}.Debug|x64.ActiveCfg = Debug|iPhone
		{2F6FD8D1-1E60-46B0-A364-FC4B77E836A6}.Debug|x86.ActiveCfg = Debug|iPhone
		{2F6FD8D1-1E60-46B0-A364-FC4B77E836A6}.Release|Any CPU.ActiveCfg = Release|iPhone
		{2F6FD8D1-1E60-46B0-A364-FC4B77E836A6}.Release|ARM.ActiveCfg = Release|iPhone
		{2F6FD8D1-1E60-46B0-A364-FC4B77E836A6}.Release|iPhone.ActiveCfg = Release|iPhone
		{2F6FD8D1-1E60-46B0-A364-FC4B77E836A6}.Release|iPhone.Build.0 = Release|iPhone
		{2F6FD8D1-1E60-46B0-A364-FC4B77E836A6}.Release|iPhoneSimulator.ActiveCfg = Release|iPhoneSimulator
		{2F6FD8D1-1E60-46B0-A364-FC4B77E836A6}.Release|iPhoneSimulator.Build.0 = Release|iPhoneSimulator
		{2F6FD8D1-1E60-46B0-A364-FC4B77E836A6}.Release|x64.ActiveCfg = Release|iPhone
		{2F6FD8D1-1E60-46B0-A364-FC4B77E836A6}.Release|x86.ActiveCfg = Release|iPhone
		{AA99E557-2654-4706-A756-C56F54B5F437}.Ad-Hoc|Any CPU.ActiveCfg = Release|x86
		{AA99E557-2654-4706-A756-C56F54B5F437}.Ad-Hoc|Any CPU.Build.0 = Release|x86
		{AA99E557-2654-4706-A756-C56F54B5F437}.Ad-Hoc|Any CPU.Deploy.0 = Release|x86
		{AA99E557-2654-4706-A756-C56F54B5F437}.Ad-Hoc|ARM.ActiveCfg = Release|ARM
		{AA99E557-2654-4706-A756-C56F54B5F437}.Ad-Hoc|ARM.Build.0 = Release|ARM
		{AA99E557-2654-4706-A756-C56F54B5F437}.Ad-Hoc|ARM.Deploy.0 = Release|ARM
		{AA99E557-2654-4706-A756-C56F54B5F437}.Ad-Hoc|iPhone.ActiveCfg = Release|x86
		{AA99E557-2654-4706-A756-C56F54B5F437}.Ad-Hoc|iPhone.Build.0 = Release|x86
		{AA99E557-2654-4706-A756-C56F54B5F437}.Ad-Hoc|iPhone.Deploy.0 = Release|x86
		{AA99E557-2654-4706-A756-C56F54B5F437}.Ad-Hoc|iPhoneSimulator.ActiveCfg = Release|x86
		{AA99E557-2654-4706-A756-C56F54B5F437}.Ad-Hoc|iPhoneSimulator.Build.0 = Release|x86
		{AA99E557-2654-4706-A756-C56F54B5F437}.Ad-Hoc|iPhoneSimulator.Deploy.0 = Release|x86
		{AA99E557-2654-4706-A756-C56F54B5F437}.Ad-Hoc|x64.ActiveCfg = Release|x64
		{AA99E557-2654-4706-A756-C56F54B5F437}.Ad-Hoc|x64.Build.0 = Release|x64
		{AA99E557-2654-4706-A756-C56F54B5F437}.Ad-Hoc|x64.Deploy.0 = Release|x64
		{AA99E557-2654-4706-A756-C56F54B5F437}.Ad-Hoc|x86.ActiveCfg = Release|x86
		{AA99E557-2654-4706-A756-C56F54B5F437}.Ad-Hoc|x86.Build.0 = Release|x86
		{AA99E557-2654-4706-A756-C56F54B5F437}.Ad-Hoc|x86.Deploy.0 = Release|x86
		{AA99E557-2654-4706-A756-C56F54B5F437}.AppStore|Any CPU.ActiveCfg = Release|x86
		{AA99E557-2654-4706-A756-C56F54B5F437}.AppStore|Any CPU.Build.0 = Release|x86
		{AA99E557-2654-4706-A756-C56F54B5F437}.AppStore|Any CPU.Deploy.0 = Release|x86
		{AA99E557-2654-4706-A756-C56F54B5F437}.AppStore|ARM.ActiveCfg = Release|ARM
		{AA99E557-2654-4706-A756-C56F54B5F437}.AppStore|ARM.Build.0 = Release|ARM
		{AA99E557-2654-4706-A756-C56F54B5F437}.AppStore|ARM.Deploy.0 = Release|ARM
		{AA99E557-2654-4706-A756-C56F54B5F437}.AppStore|iPhone.ActiveCfg = Release|x86
		{AA99E557-2654-4706-A756-C56F54B5F437}.AppStore|iPhone.Build.0 = Release|x86
		{AA99E557-2654-4706-A756-C56F54B5F437}.AppStore|iPhone.Deploy.0 = Release|x86
		{AA99E557-2654-4706-A756-C56F54B5F437}.AppStore|iPhoneSimulator.ActiveCfg = Release|x86
		{AA99E557-2654-4706-A756-C56F54B5F437}.AppStore|iPhoneSimulator.Build.0 = Release|x86
		{AA99E557-2654-4706-A756-C56F54B5F437}.AppStore|iPhoneSimulator.Deploy.0 = Release|x86
		{AA99E557-2654-4706-A756-C56F54B5F437}.AppStore|x64.ActiveCfg = Release|x64
		{AA99E557-2654-4706-A756-C56F54B5F437}.AppStore|x64.Build.0 = Release|x64
		{AA99E557-2654-4706-A756-C56F54B5F437}.AppStore|x64.Deploy.0 = Release|x64
		{AA99E557-2654-4706-A756-C56F54B5F437}.AppStore|x86.ActiveCfg = Release|x86
		{AA99E557-2654-4706-A756-C56F54B5F437}.AppStore|x86.Build.0 = Release|x86
		{AA99E557-2654-4706-A756-C56F54B5F437}.AppStore|x86.Deploy.0 = Release|x86
		{AA99E557-2654-4706-A756-C56F54B5F437}.Debug|Any CPU.ActiveCfg = Debug|x86
		{AA99E557-2654-4706-A756-C56F54B5F437}.Debug|ARM.ActiveCfg = Debug|ARM
		{AA99E557-2654-4706-A756-C56F54B5F437}.Debug|ARM.Build.0 = Debug|ARM
		{AA99E557-2654-4706-A756-C56F54B5F437}.Debug|ARM.Deploy.0 = Debug|ARM
		{AA99E557-2654-4706-A756-C56F54B5F437}.Debug|iPhone.ActiveCfg = Debug|x86
		{AA99E557-2654-4706-A756-C56F54B5F437}.Debug|iPhoneSimulator.ActiveCfg = Debug|x86
		{AA99E557-2654-4706-A756-C56F54B5F437}.Debug|x64.ActiveCfg = Debug|x64
		{AA99E557-2654-4706-A756-C56F54B5F437}.Debug|x64.Build.0 = Debug|x64
		{AA99E557-2654-4706-A756-C56F54B5F437}.Debug|x64.Deploy.0 = Debug|x64
		{AA99E557-2654-4706-A756-C56F54B5F437}.Debug|x86.ActiveCfg = Debug|x86
		{AA99E557-2654-4706-A756-C56F54B5F437}.Debug|x86.Build.0 = Debug|x86
		{AA99E557-2654-4706-A756-C56F54B5F437}.Debug|x86.Deploy.0 = Debug|x86
		{AA99E557-2654-4706-A756-C56F54B5F437}.Release|Any CPU.ActiveCfg = Release|x86
		{AA99E557-2654-4706-A756-C56F54B5F437}.Release|ARM.ActiveCfg = Release|ARM
		{AA99E557-2654-4706-A756-C56F54B5F437}.Release|ARM.Build.0 = Release|ARM
		{AA99E557-2654-4706-A756-C56F54B5F437}.Release|ARM.Deploy.0 = Release|ARM
		{AA99E557-2654-4706-A756-C56F54B5F437}.Release|iPhone.ActiveCfg = Release|x86
		{AA99E557-2654-4706-A756-C56F54B5F437}.Release|iPhoneSimulator.ActiveCfg = Release|x86
		{AA99E557-2654-4706-A756-C56F54B5F437}.Release|x64.ActiveCfg = Release|x64
		{AA99E557-2654-4706-A756-C56F54B5F437}.Release|x64.Build.0 = Release|x64
		{AA99E557-2654-4706-A756-C56F54B5F437}.Release|x64.Deploy.0 = Release|x64
		{AA99E557-2654-4706-A756-C56F54B5F437}.Release|x86.ActiveCfg = Release|x86
		{AA99E557-2654-4706-A756-C56F54B5F437}.Release|x86.Build.0 = Release|x86
		{AA99E557-2654-4706-A756-C56F54B5F437}.Release|x86.Deploy.0 = Release|x86
		{A625A2AA-3056-410D-B7E0-0DB71269247B}.Ad-Hoc|Any CPU.ActiveCfg = Debug|Any CPU
		{A625A2AA-3056-410D-B7E0-0DB71269247B}.Ad-Hoc|Any CPU.Build.0 = Debug|Any CPU
		{A625A2AA-3056-410D-B7E0-0DB71269247B}.Ad-Hoc|ARM.ActiveCfg = Debug|Any CPU
		{A625A2AA-3056-410D-B7E0-0DB71269247B}.Ad-Hoc|ARM.Build.0 = Debug|Any CPU
		{A625A2AA-3056-410D-B7E0-0DB71269247B}.Ad-Hoc|iPhone.ActiveCfg = Debug|Any CPU
		{A625A2AA-3056-410D-B7E0-0DB71269247B}.Ad-Hoc|iPhone.Build.0 = Debug|Any CPU
		{A625A2AA-3056-410D-B7E0-0DB71269247B}.Ad-Hoc|iPhoneSimulator.ActiveCfg = Debug|Any CPU
		{A625A2AA-3056-410D-B7E0-0DB71269247B}.Ad-Hoc|iPhoneSimulator.Build.0 = Debug|Any CPU
		{A625A2AA-3056-410D-B7E0-0DB71269247B}.Ad-Hoc|x64.ActiveCfg = Debug|Any CPU
		{A625A2AA-3056-410D-B7E0-0DB71269247B}.Ad-Hoc|x64.Build.0 = Debug|Any CPU
		{A625A2AA-3056-410D-B7E0-0DB71269247B}.Ad-Hoc|x86.ActiveCfg = Debug|Any CPU
		{A625A2AA-3056-410D-B7E0-0DB71269247B}.Ad-Hoc|x86.Build.0 = Debug|Any CPU
		{A625A2AA-3056-410D-B7E0-0DB71269247B}.AppStore|Any CPU.ActiveCfg = Debug|Any CPU
		{A625A2AA-3056-410D-B7E0-0DB71269247B}.AppStore|Any CPU.Build.0 = Debug|Any CPU
		{A625A2AA-3056-410D-B7E0-0DB71269247B}.AppStore|ARM.ActiveCfg = Debug|Any CPU
		{A625A2AA-3056-410D-B7E0-0DB71269247B}.AppStore|ARM.Build.0 = Debug|Any CPU
		{A625A2AA-3056-410D-B7E0-0DB71269247B}.AppStore|iPhone.ActiveCfg = Debug|Any CPU
		{A625A2AA-3056-410D-B7E0-0DB71269247B}.AppStore|iPhone.Build.0 = Debug|Any CPU
		{A625A2AA-3056-410D-B7E0-0DB71269247B}.AppStore|iPhoneSimulator.ActiveCfg = Debug|Any CPU
		{A625A2AA-3056-410D-B7E0-0DB71269247B}.AppStore|iPhoneSimulator.Build.0 = Debug|Any CPU
		{A625A2AA-3056-410D-B7E0-0DB71269247B}.AppStore|x64.ActiveCfg = Debug|Any CPU
		{A625A2AA-3056-410D-B7E0-0DB71269247B}.AppStore|x64.Build.0 = Debug|Any CPU
		{A625A2AA-3056-410D-B7E0-0DB71269247B}.AppStore|x86.ActiveCfg = Debug|Any CPU
		{A625A2AA-3056-410D-B7E0-0DB71269247B}.AppStore|x86.Build.0 = Debug|Any CPU
		{A625A2AA-3056-410D-B7E0-0DB71269247B}.Debug|Any CPU.ActiveCfg = Debug|Any CPU
		{A625A2AA-3056-410D-B7E0-0DB71269247B}.Debug|Any CPU.Build.0 = Debug|Any CPU
		{A625A2AA-3056-410D-B7E0-0DB71269247B}.Debug|ARM.ActiveCfg = Debug|Any CPU
		{A625A2AA-3056-410D-B7E0-0DB71269247B}.Debug|ARM.Build.0 = Debug|Any CPU
		{A625A2AA-3056-410D-B7E0-0DB71269247B}.Debug|iPhone.ActiveCfg = Debug|Any CPU
		{A625A2AA-3056-410D-B7E0-0DB71269247B}.Debug|iPhone.Build.0 = Debug|Any CPU
		{A625A2AA-3056-410D-B7E0-0DB71269247B}.Debug|iPhoneSimulator.ActiveCfg = Debug|Any CPU
		{A625A2AA-3056-410D-B7E0-0DB71269247B}.Debug|iPhoneSimulator.Build.0 = Debug|Any CPU
		{A625A2AA-3056-410D-B7E0-0DB71269247B}.Debug|x64.ActiveCfg = Debug|Any CPU
		{A625A2AA-3056-410D-B7E0-0DB71269247B}.Debug|x64.Build.0 = Debug|Any CPU
		{A625A2AA-3056-410D-B7E0-0DB71269247B}.Debug|x86.ActiveCfg = Debug|Any CPU
		{A625A2AA-3056-410D-B7E0-0DB71269247B}.Debug|x86.Build.0 = Debug|Any CPU
		{A625A2AA-3056-410D-B7E0-0DB71269247B}.Release|Any CPU.ActiveCfg = Release|Any CPU
		{A625A2AA-3056-410D-B7E0-0DB71269247B}.Release|Any CPU.Build.0 = Release|Any CPU
		{A625A2AA-3056-410D-B7E0-0DB71269247B}.Release|ARM.ActiveCfg = Release|Any CPU
		{A625A2AA-3056-410D-B7E0-0DB71269247B}.Release|ARM.Build.0 = Release|Any CPU
		{A625A2AA-3056-410D-B7E0-0DB71269247B}.Release|iPhone.ActiveCfg = Release|Any CPU
		{A625A2AA-3056-410D-B7E0-0DB71269247B}.Release|iPhone.Build.0 = Release|Any CPU
		{A625A2AA-3056-410D-B7E0-0DB71269247B}.Release|iPhoneSimulator.ActiveCfg = Release|Any CPU
		{A625A2AA-3056-410D-B7E0-0DB71269247B}.Release|iPhoneSimulator.Build.0 = Release|Any CPU
		{A625A2AA-3056-410D-B7E0-0DB71269247B}.Release|x64.ActiveCfg = Release|Any CPU
		{A625A2AA-3056-410D-B7E0-0DB71269247B}.Release|x64.Build.0 = Release|Any CPU
		{A625A2AA-3056-410D-B7E0-0DB71269247B}.Release|x86.ActiveCfg = Release|Any CPU
		{A625A2AA-3056-410D-B7E0-0DB71269247B}.Release|x86.Build.0 = Release|Any CPU
	EndGlobalSection
	GlobalSection(SolutionProperties) = preSolution
		HideSolutionNode = FALSE
	EndGlobalSection
	GlobalSection(ExtensibilityGlobals) = postSolution
		SolutionGuid = {C30AD385-0B04-426B-83D5-798F570F4E19}
	EndGlobalSection
EndGlobal
